
Microsoft Visual Studio Solution File, Format Version 12.00
# Visual Studio Version 17
VisualStudioVersion = 17.1.32414.318
MinimumVisualStudioVersion = 10.0.40219.1
Project("{FAE04EC0-301F-11D3-BF4B-00C04F79EFBC}") = "GWO", "GWO.csproj", "{4C634B06-0E80-4D38-B1E5-4DB2CD5762A5}"
EndProject
Global
	GlobalSection(SolutionConfigurationPlatforms) = preSolution
		Debug|Any CPU = Debug|Any CPU
		Release|Any CPU = Release|Any CPU
	EndGlobalSection
	GlobalSection(ProjectConfigurationPlatforms) = postSolution
		{4C634B06-0E80-4D38-B1E5-4DB2CD5762A5}.Debug|Any CPU.ActiveCfg = Debug|Any CPU
		{4C634B06-0E80-4D38-B1E5-4DB2CD5762A5}.Debug|Any CPU.Build.0 = Debug|Any CPU
		{4C634B06-0E80-4D38-B1E5-4DB2CD5762A5}.Release|Any CPU.ActiveCfg = Release|Any CPU
		{4C634B06-0E80-4D38-B1E5-4DB2CD5762A5}.Release|Any CPU.Build.0 = Release|Any CPU
	EndGlobalSection
	GlobalSection(SolutionProperties) = preSolution
		HideSolutionNode = FALSE
	EndGlobalSection
	GlobalSection(ExtensibilityGlobals) = postSolution
		SolutionGuid = {64F9A8D7-FFA8-4C8C-94D9-8B8CCC8F74E4}
	EndGlobalSection
EndGlobal
